// !$*UTF8*$!
{
	archiveVersion = 1;
	classes = {
	};
	objectVersion = 50;
	objects = {

/* Begin PBXBuildFile section */
		57E5465C2B8281B87EB8780C /* Pods_littlethinkers.framework in Frameworks */ = {isa = PBXBuildFile; fileRef = 0249E348AD837D6FFEA07391 /* Pods_littlethinkers.framework */; };
		5F00552520A09D580002BEBE /* AppDelegate.swift in Sources */ = {isa = PBXBuildFile; fileRef = 5F00552420A09D580002BEBE /* AppDelegate.swift */; };
		5F00552720A09D580002BEBE /* ViewController.swift in Sources */ = {isa = PBXBuildFile; fileRef = 5F00552620A09D580002BEBE /* ViewController.swift */; };
		5F00552A20A09D580002BEBE /* Main.storyboard in Resources */ = {isa = PBXBuildFile; fileRef = 5F00552820A09D580002BEBE /* Main.storyboard */; };
		5F00552D20A09D580002BEBE /* littlethinkers.xcdatamodeld in Sources */ = {isa = PBXBuildFile; fileRef = 5F00552B20A09D580002BEBE /* littlethinkers.xcdatamodeld */; };
		5F00552F20A09D5A0002BEBE /* Assets.xcassets in Resources */ = {isa = PBXBuildFile; fileRef = 5F00552E20A09D5A0002BEBE /* Assets.xcassets */; };
		5F00553220A09D5A0002BEBE /* LaunchScreen.storyboard in Resources */ = {isa = PBXBuildFile; fileRef = 5F00553020A09D5A0002BEBE /* LaunchScreen.storyboard */; };
		5F00553D20A09D5A0002BEBE /* littlethinkersTests.swift in Sources */ = {isa = PBXBuildFile; fileRef = 5F00553C20A09D5A0002BEBE /* littlethinkersTests.swift */; };
		5F00554820A09D5A0002BEBE /* littlethinkersUITests.swift in Sources */ = {isa = PBXBuildFile; fileRef = 5F00554720A09D5A0002BEBE /* littlethinkersUITests.swift */; };
		5F13745620A4753D002843C9 /* TutorialCollectionViewCell.swift in Sources */ = {isa = PBXBuildFile; fileRef = 5F13745520A4753D002843C9 /* TutorialCollectionViewCell.swift */; };
		5F13745820A47666002843C9 /* TutorialViewController.swift in Sources */ = {isa = PBXBuildFile; fileRef = 5F13745720A47666002843C9 /* TutorialViewController.swift */; };
		5F5E1E1620A23C130007B73C /* SenhaViewController.swift in Sources */ = {isa = PBXBuildFile; fileRef = 5F5E1E1520A23C130007B73C /* SenhaViewController.swift */; };
		5F5E1E1820A23CE70007B73C /* SenhaColocarCollectionViewCell.swift in Sources */ = {isa = PBXBuildFile; fileRef = 5F5E1E1720A23CE70007B73C /* SenhaColocarCollectionViewCell.swift */; };
		5F5E1E1A20A23D030007B73C /* SenhaTecladoCollectionViewCell.swift in Sources */ = {isa = PBXBuildFile; fileRef = 5F5E1E1920A23D030007B73C /* SenhaTecladoCollectionViewCell.swift */; };
		5F63375420AB6F78004FFBE7 /* FimAtividadeTrofeusViewController.swift in Sources */ = {isa = PBXBuildFile; fileRef = 5F63375320AB6F78004FFBE7 /* FimAtividadeTrofeusViewController.swift */; };
		5F9F3F6120A4BED700E1C7C2 /* Jogo1ViewController.swift in Sources */ = {isa = PBXBuildFile; fileRef = 5F9F3F6020A4BED700E1C7C2 /* Jogo1ViewController.swift */; };
		5F9F3F6520A4C6BC00E1C7C2 /* Jogo1CondicaoCollectionViewCell.swift in Sources */ = {isa = PBXBuildFile; fileRef = 5F9F3F6420A4C6BC00E1C7C2 /* Jogo1CondicaoCollectionViewCell.swift */; };
		5F9F3F6720A4C86B00E1C7C2 /* Jogo1JogoCollectionViewCell.swift in Sources */ = {isa = PBXBuildFile; fileRef = 5F9F3F6620A4C86B00E1C7C2 /* Jogo1JogoCollectionViewCell.swift */; };
		5FEFA86D20AB820800CC0F1E /* AcertosEErrosViewController.swift in Sources */ = {isa = PBXBuildFile; fileRef = 5FEFA86C20AB820800CC0F1E /* AcertosEErrosViewController.swift */; };
		5FF17F2D20A1CC0A00B74FCE /* AvaViewController.swift in Sources */ = {isa = PBXBuildFile; fileRef = 5FF17F2C20A1CC0A00B74FCE /* AvaViewController.swift */; };
		5FF17F3720A1E12800B74FCE /* AvatarChoiceCollectionViewCell.swift in Sources */ = {isa = PBXBuildFile; fileRef = 5FF17F3620A1E12800B74FCE /* AvatarChoiceCollectionViewCell.swift */; };
		A737052320AE349200C20BBA /* GoogleService-Info.plist in Resources */ = {isa = PBXBuildFile; fileRef = A737052220AE349100C20BBA /* GoogleService-Info.plist */; };
		A737052720AE465E00C20BBA /* participação.png in Resources */ = {isa = PBXBuildFile; fileRef = A737052620AE465E00C20BBA /* participação.png */; };
		A76A6BDD20AEF670007B094D /* Comfortaa-Bold.ttf in Resources */ = {isa = PBXBuildFile; fileRef = A76A6BDB20AEF59C007B094D /* Comfortaa-Bold.ttf */; };
		A76A6BDE20AEF674007B094D /* Comfortaa-Light.ttf in Resources */ = {isa = PBXBuildFile; fileRef = A76A6BDC20AEF59C007B094D /* Comfortaa-Light.ttf */; };
		A76A6BDF20AEF67F007B094D /* Comfortaa-Regular.ttf in Resources */ = {isa = PBXBuildFile; fileRef = A76A6BDA20AEF59C007B094D /* Comfortaa-Regular.ttf */; };
		B88C3E6B821E846C3B277722 /* Pods_littlethinkersTests.framework in Frameworks */ = {isa = PBXBuildFile; fileRef = D474BC339BD5B4320A79A2A8 /* Pods_littlethinkersTests.framework */; };
		CB345B6013E4CCF17BB6AD52 /* Pods_littlethinkersUITests.framework in Frameworks */ = {isa = PBXBuildFile; fileRef = 5E256822A37A21964F42E7D6 /* Pods_littlethinkersUITests.framework */; };
/* End PBXBuildFile section */

/* Begin PBXContainerItemProxy section */
		5F00553920A09D5A0002BEBE /* PBXContainerItemProxy */ = {
			isa = PBXContainerItemProxy;
			containerPortal = 5F00551920A09D580002BEBE /* Project object */;
			proxyType = 1;
			remoteGlobalIDString = 5F00552020A09D580002BEBE;
			remoteInfo = littlethinkers;
		};
		5F00554420A09D5A0002BEBE /* PBXContainerItemProxy */ = {
			isa = PBXContainerItemProxy;
			containerPortal = 5F00551920A09D580002BEBE /* Project object */;
			proxyType = 1;
			remoteGlobalIDString = 5F00552020A09D580002BEBE;
			remoteInfo = littlethinkers;
		};
/* End PBXContainerItemProxy section */

/* Begin PBXFileReference section */
		0249E348AD837D6FFEA07391 /* Pods_littlethinkers.framework */ = {isa = PBXFileReference; explicitFileType = wrapper.framework; includeInIndex = 0; path = Pods_littlethinkers.framework; sourceTree = BUILT_PRODUCTS_DIR; };
		0D87899467C7D6444FB850D1 /* Pods-littlethinkers.debug.xcconfig */ = {isa = PBXFileReference; includeInIndex = 1; lastKnownFileType = text.xcconfig; name = "Pods-littlethinkers.debug.xcconfig"; path = "Pods/Target Support Files/Pods-littlethinkers/Pods-littlethinkers.debug.xcconfig"; sourceTree = "<group>"; };
		5D5EAC04BC1024A08773033C /* Pods-littlethinkersTests.release.xcconfig */ = {isa = PBXFileReference; includeInIndex = 1; lastKnownFileType = text.xcconfig; name = "Pods-littlethinkersTests.release.xcconfig"; path = "Pods/Target Support Files/Pods-littlethinkersTests/Pods-littlethinkersTests.release.xcconfig"; sourceTree = "<group>"; };
		5E256822A37A21964F42E7D6 /* Pods_littlethinkersUITests.framework */ = {isa = PBXFileReference; explicitFileType = wrapper.framework; includeInIndex = 0; path = Pods_littlethinkersUITests.framework; sourceTree = BUILT_PRODUCTS_DIR; };
		5F00552120A09D580002BEBE /* littlethinkers.app */ = {isa = PBXFileReference; explicitFileType = wrapper.application; includeInIndex = 0; path = littlethinkers.app; sourceTree = BUILT_PRODUCTS_DIR; };
		5F00552420A09D580002BEBE /* AppDelegate.swift */ = {isa = PBXFileReference; lastKnownFileType = sourcecode.swift; path = AppDelegate.swift; sourceTree = "<group>"; };
		5F00552620A09D580002BEBE /* ViewController.swift */ = {isa = PBXFileReference; lastKnownFileType = sourcecode.swift; path = ViewController.swift; sourceTree = "<group>"; };
		5F00552920A09D580002BEBE /* Base */ = {isa = PBXFileReference; lastKnownFileType = file.storyboard; name = Base; path = Base.lproj/Main.storyboard; sourceTree = "<group>"; };
		5F00552C20A09D580002BEBE /* littlethinkers.xcdatamodel */ = {isa = PBXFileReference; lastKnownFileType = wrapper.xcdatamodel; path = littlethinkers.xcdatamodel; sourceTree = "<group>"; };
		5F00552E20A09D5A0002BEBE /* Assets.xcassets */ = {isa = PBXFileReference; lastKnownFileType = folder.assetcatalog; path = Assets.xcassets; sourceTree = "<group>"; };
		5F00553120A09D5A0002BEBE /* Base */ = {isa = PBXFileReference; lastKnownFileType = file.storyboard; name = Base; path = Base.lproj/LaunchScreen.storyboard; sourceTree = "<group>"; };
		5F00553320A09D5A0002BEBE /* Info.plist */ = {isa = PBXFileReference; lastKnownFileType = text.plist.xml; path = Info.plist; sourceTree = "<group>"; };
		5F00553820A09D5A0002BEBE /* littlethinkersTests.xctest */ = {isa = PBXFileReference; explicitFileType = wrapper.cfbundle; includeInIndex = 0; path = littlethinkersTests.xctest; sourceTree = BUILT_PRODUCTS_DIR; };
		5F00553C20A09D5A0002BEBE /* littlethinkersTests.swift */ = {isa = PBXFileReference; lastKnownFileType = sourcecode.swift; path = littlethinkersTests.swift; sourceTree = "<group>"; };
		5F00553E20A09D5A0002BEBE /* Info.plist */ = {isa = PBXFileReference; lastKnownFileType = text.plist.xml; path = Info.plist; sourceTree = "<group>"; };
		5F00554320A09D5A0002BEBE /* littlethinkersUITests.xctest */ = {isa = PBXFileReference; explicitFileType = wrapper.cfbundle; includeInIndex = 0; path = littlethinkersUITests.xctest; sourceTree = BUILT_PRODUCTS_DIR; };
		5F00554720A09D5A0002BEBE /* littlethinkersUITests.swift */ = {isa = PBXFileReference; lastKnownFileType = sourcecode.swift; path = littlethinkersUITests.swift; sourceTree = "<group>"; };
		5F00554920A09D5A0002BEBE /* Info.plist */ = {isa = PBXFileReference; lastKnownFileType = text.plist.xml; path = Info.plist; sourceTree = "<group>"; };
		5F13745520A4753D002843C9 /* TutorialCollectionViewCell.swift */ = {isa = PBXFileReference; lastKnownFileType = sourcecode.swift; path = TutorialCollectionViewCell.swift; sourceTree = "<group>"; };
		5F13745720A47666002843C9 /* TutorialViewController.swift */ = {isa = PBXFileReference; lastKnownFileType = sourcecode.swift; path = TutorialViewController.swift; sourceTree = "<group>"; };
		5F5E1E1520A23C130007B73C /* SenhaViewController.swift */ = {isa = PBXFileReference; lastKnownFileType = sourcecode.swift; path = SenhaViewController.swift; sourceTree = "<group>"; };
		5F5E1E1720A23CE70007B73C /* SenhaColocarCollectionViewCell.swift */ = {isa = PBXFileReference; lastKnownFileType = sourcecode.swift; path = SenhaColocarCollectionViewCell.swift; sourceTree = "<group>"; };
		5F5E1E1920A23D030007B73C /* SenhaTecladoCollectionViewCell.swift */ = {isa = PBXFileReference; lastKnownFileType = sourcecode.swift; path = SenhaTecladoCollectionViewCell.swift; sourceTree = "<group>"; };
		5F63375320AB6F78004FFBE7 /* FimAtividadeTrofeusViewController.swift */ = {isa = PBXFileReference; lastKnownFileType = sourcecode.swift; path = FimAtividadeTrofeusViewController.swift; sourceTree = "<group>"; };
		5F9F3F6020A4BED700E1C7C2 /* Jogo1ViewController.swift */ = {isa = PBXFileReference; lastKnownFileType = sourcecode.swift; path = Jogo1ViewController.swift; sourceTree = "<group>"; };
		5F9F3F6420A4C6BC00E1C7C2 /* Jogo1CondicaoCollectionViewCell.swift */ = {isa = PBXFileReference; lastKnownFileType = sourcecode.swift; path = Jogo1CondicaoCollectionViewCell.swift; sourceTree = "<group>"; };
		5F9F3F6620A4C86B00E1C7C2 /* Jogo1JogoCollectionViewCell.swift */ = {isa = PBXFileReference; lastKnownFileType = sourcecode.swift; path = Jogo1JogoCollectionViewCell.swift; sourceTree = "<group>"; };
		5FB619E720AE2E70007C9D18 /* participação.png */ = {isa = PBXFileReference; lastKnownFileType = image.png; path = "participação.png"; sourceTree = "<group>"; };
		5FEFA86C20AB820800CC0F1E /* AcertosEErrosViewController.swift */ = {isa = PBXFileReference; lastKnownFileType = sourcecode.swift; path = AcertosEErrosViewController.swift; sourceTree = "<group>"; };
		5FF17F2C20A1CC0A00B74FCE /* AvaViewController.swift */ = {isa = PBXFileReference; lastKnownFileType = sourcecode.swift; path = AvaViewController.swift; sourceTree = "<group>"; };
		5FF17F3620A1E12800B74FCE /* AvatarChoiceCollectionViewCell.swift */ = {isa = PBXFileReference; lastKnownFileType = sourcecode.swift; path = AvatarChoiceCollectionViewCell.swift; sourceTree = "<group>"; };
		684ABDC7F9B3EE6E67722F1B /* Pods-littlethinkersUITests.release.xcconfig */ = {isa = PBXFileReference; includeInIndex = 1; lastKnownFileType = text.xcconfig; name = "Pods-littlethinkersUITests.release.xcconfig"; path = "Pods/Target Support Files/Pods-littlethinkersUITests/Pods-littlethinkersUITests.release.xcconfig"; sourceTree = "<group>"; };
		A65DA649F9CD9761CEA20ECA /* Pods-littlethinkersUITests.debug.xcconfig */ = {isa = PBXFileReference; includeInIndex = 1; lastKnownFileType = text.xcconfig; name = "Pods-littlethinkersUITests.debug.xcconfig"; path = "Pods/Target Support Files/Pods-littlethinkersUITests/Pods-littlethinkersUITests.debug.xcconfig"; sourceTree = "<group>"; };
		A737052220AE349100C20BBA /* GoogleService-Info.plist */ = {isa = PBXFileReference; fileEncoding = 4; lastKnownFileType = text.plist.xml; name = "GoogleService-Info.plist"; path = "../../../../Downloads/GoogleService-Info.plist"; sourceTree = "<group>"; };
		A737052620AE465E00C20BBA /* participação.png */ = {isa = PBXFileReference; lastKnownFileType = image.png; name = "participação.png"; path = "../../../../Downloads/participação.png"; sourceTree = "<group>"; };
		A76A6BDA20AEF59C007B094D /* Comfortaa-Regular.ttf */ = {isa = PBXFileReference; lastKnownFileType = file; name = "Comfortaa-Regular.ttf"; path = "../../../../Downloads/Fontes/Comfortaa-Regular.ttf"; sourceTree = "<group>"; };
		A76A6BDB20AEF59C007B094D /* Comfortaa-Bold.ttf */ = {isa = PBXFileReference; lastKnownFileType = file; name = "Comfortaa-Bold.ttf"; path = "../../../../Downloads/Fontes/Comfortaa-Bold.ttf"; sourceTree = "<group>"; };
		A76A6BDC20AEF59C007B094D /* Comfortaa-Light.ttf */ = {isa = PBXFileReference; lastKnownFileType = file; name = "Comfortaa-Light.ttf"; path = "../../../../Downloads/Fontes/Comfortaa-Light.ttf"; sourceTree = "<group>"; };
		BA9880CCBEAB02E65DD1F62A /* Pods-littlethinkers.release.xcconfig */ = {isa = PBXFileReference; includeInIndex = 1; lastKnownFileType = text.xcconfig; name = "Pods-littlethinkers.release.xcconfig"; path = "Pods/Target Support Files/Pods-littlethinkers/Pods-littlethinkers.release.xcconfig"; sourceTree = "<group>"; };
		D474BC339BD5B4320A79A2A8 /* Pods_littlethinkersTests.framework */ = {isa = PBXFileReference; explicitFileType = wrapper.framework; includeInIndex = 0; path = Pods_littlethinkersTests.framework; sourceTree = BUILT_PRODUCTS_DIR; };
		F999C15D303F448757365993 /* Pods-littlethinkersTests.debug.xcconfig */ = {isa = PBXFileReference; includeInIndex = 1; lastKnownFileType = text.xcconfig; name = "Pods-littlethinkersTests.debug.xcconfig"; path = "Pods/Target Support Files/Pods-littlethinkersTests/Pods-littlethinkersTests.debug.xcconfig"; sourceTree = "<group>"; };
/* End PBXFileReference section */

/* Begin PBXFrameworksBuildPhase section */
		5F00551E20A09D580002BEBE /* Frameworks */ = {
			isa = PBXFrameworksBuildPhase;
			buildActionMask = 2147483647;
			files = (
				57E5465C2B8281B87EB8780C /* Pods_littlethinkers.framework in Frameworks */,
			);
			runOnlyForDeploymentPostprocessing = 0;
		};
		5F00553520A09D5A0002BEBE /* Frameworks */ = {
			isa = PBXFrameworksBuildPhase;
			buildActionMask = 2147483647;
			files = (
				B88C3E6B821E846C3B277722 /* Pods_littlethinkersTests.framework in Frameworks */,
			);
			runOnlyForDeploymentPostprocessing = 0;
		};
		5F00554020A09D5A0002BEBE /* Frameworks */ = {
			isa = PBXFrameworksBuildPhase;
			buildActionMask = 2147483647;
			files = (
				CB345B6013E4CCF17BB6AD52 /* Pods_littlethinkersUITests.framework in Frameworks */,
			);
			runOnlyForDeploymentPostprocessing = 0;
		};
/* End PBXFrameworksBuildPhase section */

/* Begin PBXGroup section */
		1687900B2A03F15B164ED85F /* Pods */ = {
			isa = PBXGroup;
			children = (
				0D87899467C7D6444FB850D1 /* Pods-littlethinkers.debug.xcconfig */,
				BA9880CCBEAB02E65DD1F62A /* Pods-littlethinkers.release.xcconfig */,
				F999C15D303F448757365993 /* Pods-littlethinkersTests.debug.xcconfig */,
				5D5EAC04BC1024A08773033C /* Pods-littlethinkersTests.release.xcconfig */,
				A65DA649F9CD9761CEA20ECA /* Pods-littlethinkersUITests.debug.xcconfig */,
				684ABDC7F9B3EE6E67722F1B /* Pods-littlethinkersUITests.release.xcconfig */,
			);
			name = Pods;
			sourceTree = "<group>";
		};
		5F00551820A09D580002BEBE = {
			isa = PBXGroup;
			children = (
				5F00552320A09D580002BEBE /* littlethinkers */,
				5F00553B20A09D5A0002BEBE /* littlethinkersTests */,
				5F00554620A09D5A0002BEBE /* littlethinkersUITests */,
				5F00552220A09D580002BEBE /* Products */,
				1687900B2A03F15B164ED85F /* Pods */,
				C7FFEECCB7662C95E4AD56AC /* Frameworks */,
			);
			sourceTree = "<group>";
		};
		5F00552220A09D580002BEBE /* Products */ = {
			isa = PBXGroup;
			children = (
				5F00552120A09D580002BEBE /* littlethinkers.app */,
				5F00553820A09D5A0002BEBE /* littlethinkersTests.xctest */,
				5F00554320A09D5A0002BEBE /* littlethinkersUITests.xctest */,
			);
			name = Products;
			sourceTree = "<group>";
		};
		5F00552320A09D580002BEBE /* littlethinkers */ = {
			isa = PBXGroup;
			children = (
				A737052220AE349100C20BBA /* GoogleService-Info.plist */,
				5F00552420A09D580002BEBE /* AppDelegate.swift */,
				5F00552620A09D580002BEBE /* ViewController.swift */,
				5FF17F2C20A1CC0A00B74FCE /* AvaViewController.swift */,
				5FF17F3620A1E12800B74FCE /* AvatarChoiceCollectionViewCell.swift */,
				5F5E1E1520A23C130007B73C /* SenhaViewController.swift */,
				5F5E1E1720A23CE70007B73C /* SenhaColocarCollectionViewCell.swift */,
				5F5E1E1920A23D030007B73C /* SenhaTecladoCollectionViewCell.swift */,
				5F13745720A47666002843C9 /* TutorialViewController.swift */,
				5F13745520A4753D002843C9 /* TutorialCollectionViewCell.swift */,
				5F9F3F6020A4BED700E1C7C2 /* Jogo1ViewController.swift */,
				5F9F3F6620A4C86B00E1C7C2 /* Jogo1JogoCollectionViewCell.swift */,
				5F9F3F6420A4C6BC00E1C7C2 /* Jogo1CondicaoCollectionViewCell.swift */,
				5F63375320AB6F78004FFBE7 /* FimAtividadeTrofeusViewController.swift */,
				5FEFA86C20AB820800CC0F1E /* AcertosEErrosViewController.swift */,
				5F00552820A09D580002BEBE /* Main.storyboard */,
				5F00552E20A09D5A0002BEBE /* Assets.xcassets */,
				A76A6BDB20AEF59C007B094D /* Comfortaa-Bold.ttf */,
				A76A6BDC20AEF59C007B094D /* Comfortaa-Light.ttf */,
				A76A6BDA20AEF59C007B094D /* Comfortaa-Regular.ttf */,
				5F00553020A09D5A0002BEBE /* LaunchScreen.storyboard */,
				5F00553320A09D5A0002BEBE /* Info.plist */,
				5FB619E720AE2E70007C9D18 /* participação.png */,
				A737052620AE465E00C20BBA /* participação.png */,
				5F00552B20A09D580002BEBE /* littlethinkers.xcdatamodeld */,
			);
			path = littlethinkers;
			sourceTree = "<group>";
		};
		5F00553B20A09D5A0002BEBE /* littlethinkersTests */ = {
			isa = PBXGroup;
			children = (
				5F00553C20A09D5A0002BEBE /* littlethinkersTests.swift */,
				5F00553E20A09D5A0002BEBE /* Info.plist */,
			);
			path = littlethinkersTests;
			sourceTree = "<group>";
		};
		5F00554620A09D5A0002BEBE /* littlethinkersUITests */ = {
			isa = PBXGroup;
			children = (
				5F00554720A09D5A0002BEBE /* littlethinkersUITests.swift */,
				5F00554920A09D5A0002BEBE /* Info.plist */,
			);
			path = littlethinkersUITests;
			sourceTree = "<group>";
		};
		C7FFEECCB7662C95E4AD56AC /* Frameworks */ = {
			isa = PBXGroup;
			children = (
				0249E348AD837D6FFEA07391 /* Pods_littlethinkers.framework */,
				D474BC339BD5B4320A79A2A8 /* Pods_littlethinkersTests.framework */,
				5E256822A37A21964F42E7D6 /* Pods_littlethinkersUITests.framework */,
			);
			name = Frameworks;
			sourceTree = "<group>";
		};
/* End PBXGroup section */

/* Begin PBXNativeTarget section */
		5F00552020A09D580002BEBE /* littlethinkers */ = {
			isa = PBXNativeTarget;
			buildConfigurationList = 5F00554C20A09D5A0002BEBE /* Build configuration list for PBXNativeTarget "littlethinkers" */;
			buildPhases = (
				6005203BF7E05E3FE938CC21 /* [CP] Check Pods Manifest.lock */,
				5F00551D20A09D580002BEBE /* Sources */,
				5F00551E20A09D580002BEBE /* Frameworks */,
				5F00551F20A09D580002BEBE /* Resources */,
				3B07738C7FC66B1FFA12601B /* [CP] Embed Pods Frameworks */,
			);
			buildRules = (
			);
			dependencies = (
			);
			name = littlethinkers;
			productName = littlethinkers;
			productReference = 5F00552120A09D580002BEBE /* littlethinkers.app */;
			productType = "com.apple.product-type.application";
		};
		5F00553720A09D5A0002BEBE /* littlethinkersTests */ = {
			isa = PBXNativeTarget;
			buildConfigurationList = 5F00554F20A09D5A0002BEBE /* Build configuration list for PBXNativeTarget "littlethinkersTests" */;
			buildPhases = (
				1CCE4DFFD12FB605D673CBAC /* [CP] Check Pods Manifest.lock */,
				5F00553420A09D5A0002BEBE /* Sources */,
				5F00553520A09D5A0002BEBE /* Frameworks */,
				5F00553620A09D5A0002BEBE /* Resources */,
			);
			buildRules = (
			);
			dependencies = (
				5F00553A20A09D5A0002BEBE /* PBXTargetDependency */,
			);
			name = littlethinkersTests;
			productName = littlethinkersTests;
			productReference = 5F00553820A09D5A0002BEBE /* littlethinkersTests.xctest */;
			productType = "com.apple.product-type.bundle.unit-test";
		};
		5F00554220A09D5A0002BEBE /* littlethinkersUITests */ = {
			isa = PBXNativeTarget;
			buildConfigurationList = 5F00555220A09D5A0002BEBE /* Build configuration list for PBXNativeTarget "littlethinkersUITests" */;
			buildPhases = (
				0ED858CE1CE1A4CEF6F899D0 /* [CP] Check Pods Manifest.lock */,
				5F00553F20A09D5A0002BEBE /* Sources */,
				5F00554020A09D5A0002BEBE /* Frameworks */,
				5F00554120A09D5A0002BEBE /* Resources */,
			);
			buildRules = (
			);
			dependencies = (
				5F00554520A09D5A0002BEBE /* PBXTargetDependency */,
			);
			name = littlethinkersUITests;
			productName = littlethinkersUITests;
			productReference = 5F00554320A09D5A0002BEBE /* littlethinkersUITests.xctest */;
			productType = "com.apple.product-type.bundle.ui-testing";
		};
/* End PBXNativeTarget section */

/* Begin PBXProject section */
		5F00551920A09D580002BEBE /* Project object */ = {
			isa = PBXProject;
			attributes = {
				LastSwiftUpdateCheck = 0930;
				LastUpgradeCheck = 0930;
				ORGANIZATIONNAME = tet;
				TargetAttributes = {
					5F00552020A09D580002BEBE = {
						CreatedOnToolsVersion = 9.3;
					};
					5F00553720A09D5A0002BEBE = {
						CreatedOnToolsVersion = 9.3;
						TestTargetID = 5F00552020A09D580002BEBE;
					};
					5F00554220A09D5A0002BEBE = {
						CreatedOnToolsVersion = 9.3;
						TestTargetID = 5F00552020A09D580002BEBE;
					};
				};
			};
			buildConfigurationList = 5F00551C20A09D580002BEBE /* Build configuration list for PBXProject "littlethinkers" */;
			compatibilityVersion = "Xcode 9.3";
			developmentRegion = en;
			hasScannedForEncodings = 0;
			knownRegions = (
				en,
				Base,
			);
			mainGroup = 5F00551820A09D580002BEBE;
			productRefGroup = 5F00552220A09D580002BEBE /* Products */;
			projectDirPath = "";
			projectRoot = "";
			targets = (
				5F00552020A09D580002BEBE /* littlethinkers */,
				5F00553720A09D5A0002BEBE /* littlethinkersTests */,
				5F00554220A09D5A0002BEBE /* littlethinkersUITests */,
			);
		};
/* End PBXProject section */

/* Begin PBXResourcesBuildPhase section */
		5F00551F20A09D580002BEBE /* Resources */ = {
			isa = PBXResourcesBuildPhase;
			buildActionMask = 2147483647;
			files = (
				5F00553220A09D5A0002BEBE /* LaunchScreen.storyboard in Resources */,
				A737052320AE349200C20BBA /* GoogleService-Info.plist in Resources */,
				A76A6BDD20AEF670007B094D /* Comfortaa-Bold.ttf in Resources */,
				A737052720AE465E00C20BBA /* participação.png in Resources */,
				A76A6BDF20AEF67F007B094D /* Comfortaa-Regular.ttf in Resources */,
				A76A6BDE20AEF674007B094D /* Comfortaa-Light.ttf in Resources */,
				5F00552F20A09D5A0002BEBE /* Assets.xcassets in Resources */,
				5F00552A20A09D580002BEBE /* Main.storyboard in Resources */,
			);
			runOnlyForDeploymentPostprocessing = 0;
		};
		5F00553620A09D5A0002BEBE /* Resources */ = {
			isa = PBXResourcesBuildPhase;
			buildActionMask = 2147483647;
			files = (
			);
			runOnlyForDeploymentPostprocessing = 0;
		};
		5F00554120A09D5A0002BEBE /* Resources */ = {
			isa = PBXResourcesBuildPhase;
			buildActionMask = 2147483647;
			files = (
			);
			runOnlyForDeploymentPostprocessing = 0;
		};
/* End PBXResourcesBuildPhase section */

/* Begin PBXShellScriptBuildPhase section */
		0ED858CE1CE1A4CEF6F899D0 /* [CP] Check Pods Manifest.lock */ = {
			isa = PBXShellScriptBuildPhase;
			buildActionMask = 2147483647;
			files = (
			);
			inputPaths = (
				"${PODS_PODFILE_DIR_PATH}/Podfile.lock",
				"${PODS_ROOT}/Manifest.lock",
			);
			name = "[CP] Check Pods Manifest.lock";
			outputPaths = (
				"$(DERIVED_FILE_DIR)/Pods-littlethinkersUITests-checkManifestLockResult.txt",
			);
			runOnlyForDeploymentPostprocessing = 0;
			shellPath = /bin/sh;
			shellScript = "diff \"${PODS_PODFILE_DIR_PATH}/Podfile.lock\" \"${PODS_ROOT}/Manifest.lock\" > /dev/null\nif [ $? != 0 ] ; then\n    # print error to STDERR\n    echo \"error: The sandbox is not in sync with the Podfile.lock. Run 'pod install' or update your CocoaPods installation.\" >&2\n    exit 1\nfi\n# This output is used by Xcode 'outputs' to avoid re-running this script phase.\necho \"SUCCESS\" > \"${SCRIPT_OUTPUT_FILE_0}\"\n";
			showEnvVarsInLog = 0;
		};
		1CCE4DFFD12FB605D673CBAC /* [CP] Check Pods Manifest.lock */ = {
			isa = PBXShellScriptBuildPhase;
			buildActionMask = 2147483647;
			files = (
			);
			inputPaths = (
				"${PODS_PODFILE_DIR_PATH}/Podfile.lock",
				"${PODS_ROOT}/Manifest.lock",
			);
			name = "[CP] Check Pods Manifest.lock";
			outputPaths = (
				"$(DERIVED_FILE_DIR)/Pods-littlethinkersTests-checkManifestLockResult.txt",
			);
			runOnlyForDeploymentPostprocessing = 0;
			shellPath = /bin/sh;
			shellScript = "diff \"${PODS_PODFILE_DIR_PATH}/Podfile.lock\" \"${PODS_ROOT}/Manifest.lock\" > /dev/null\nif [ $? != 0 ] ; then\n    # print error to STDERR\n    echo \"error: The sandbox is not in sync with the Podfile.lock. Run 'pod install' or update your CocoaPods installation.\" >&2\n    exit 1\nfi\n# This output is used by Xcode 'outputs' to avoid re-running this script phase.\necho \"SUCCESS\" > \"${SCRIPT_OUTPUT_FILE_0}\"\n";
			showEnvVarsInLog = 0;
		};
		3B07738C7FC66B1FFA12601B /* [CP] Embed Pods Frameworks */ = {
			isa = PBXShellScriptBuildPhase;
			buildActionMask = 2147483647;
			files = (
			);
			inputPaths = (
				"${SRCROOT}/Pods/Target Support Files/Pods-littlethinkers/Pods-littlethinkers-frameworks.sh",
				"${BUILT_PRODUCTS_DIR}/GoogleToolboxForMac/GoogleToolboxForMac.framework",
				"${BUILT_PRODUCTS_DIR}/leveldb-library/leveldb.framework",
				"${BUILT_PRODUCTS_DIR}/nanopb/nanopb.framework",
			);
			name = "[CP] Embed Pods Frameworks";
			outputPaths = (
				"${TARGET_BUILD_DIR}/${FRAMEWORKS_FOLDER_PATH}/GoogleToolboxForMac.framework",
				"${TARGET_BUILD_DIR}/${FRAMEWORKS_FOLDER_PATH}/leveldb.framework",
				"${TARGET_BUILD_DIR}/${FRAMEWORKS_FOLDER_PATH}/nanopb.framework",
			);
			runOnlyForDeploymentPostprocessing = 0;
			shellPath = /bin/sh;
			shellScript = "\"${SRCROOT}/Pods/Target Support Files/Pods-littlethinkers/Pods-littlethinkers-frameworks.sh\"\n";
			showEnvVarsInLog = 0;
		};
		6005203BF7E05E3FE938CC21 /* [CP] Check Pods Manifest.lock */ = {
			isa = PBXShellScriptBuildPhase;
			buildActionMask = 2147483647;
			files = (
			);
			inputPaths = (
				"${PODS_PODFILE_DIR_PATH}/Podfile.lock",
				"${PODS_ROOT}/Manifest.lock",
			);
			name = "[CP] Check Pods Manifest.lock";
			outputPaths = (
				"$(DERIVED_FILE_DIR)/Pods-littlethinkers-checkManifestLockResult.txt",
			);
			runOnlyForDeploymentPostprocessing = 0;
			shellPath = /bin/sh;
			shellScript = "diff \"${PODS_PODFILE_DIR_PATH}/Podfile.lock\" \"${PODS_ROOT}/Manifest.lock\" > /dev/null\nif [ $? != 0 ] ; then\n    # print error to STDERR\n    echo \"error: The sandbox is not in sync with the Podfile.lock. Run 'pod install' or update your CocoaPods installation.\" >&2\n    exit 1\nfi\n# This output is used by Xcode 'outputs' to avoid re-running this script phase.\necho \"SUCCESS\" > \"${SCRIPT_OUTPUT_FILE_0}\"\n";
			showEnvVarsInLog = 0;
		};
/* End PBXShellScriptBuildPhase section */

/* Begin PBXSourcesBuildPhase section */
		5F00551D20A09D580002BEBE /* Sources */ = {
			isa = PBXSourcesBuildPhase;
			buildActionMask = 2147483647;
			files = (
				5FF17F3720A1E12800B74FCE /* AvatarChoiceCollectionViewCell.swift in Sources */,
				5F5E1E1A20A23D030007B73C /* SenhaTecladoCollectionViewCell.swift in Sources */,
				5F63375420AB6F78004FFBE7 /* FimAtividadeTrofeusViewController.swift in Sources */,
				5FEFA86D20AB820800CC0F1E /* AcertosEErrosViewController.swift in Sources */,
				5F9F3F6120A4BED700E1C7C2 /* Jogo1ViewController.swift in Sources */,
				5F13745820A47666002843C9 /* TutorialViewController.swift in Sources */,
				5F00552720A09D580002BEBE /* ViewController.swift in Sources */,
				5F5E1E1820A23CE70007B73C /* SenhaColocarCollectionViewCell.swift in Sources */,
				5FF17F2D20A1CC0A00B74FCE /* AvaViewController.swift in Sources */,
				5F9F3F6520A4C6BC00E1C7C2 /* Jogo1CondicaoCollectionViewCell.swift in Sources */,
				5F00552D20A09D580002BEBE /* littlethinkers.xcdatamodeld in Sources */,
				5F5E1E1620A23C130007B73C /* SenhaViewController.swift in Sources */,
				5F13745620A4753D002843C9 /* TutorialCollectionViewCell.swift in Sources */,
				5F9F3F6720A4C86B00E1C7C2 /* Jogo1JogoCollectionViewCell.swift in Sources */,
				5F00552520A09D580002BEBE /* AppDelegate.swift in Sources */,
			);
			runOnlyForDeploymentPostprocessing = 0;
		};
		5F00553420A09D5A0002BEBE /* Sources */ = {
			isa = PBXSourcesBuildPhase;
			buildActionMask = 2147483647;
			files = (
				5F00553D20A09D5A0002BEBE /* littlethinkersTests.swift in Sources */,
			);
			runOnlyForDeploymentPostprocessing = 0;
		};
		5F00553F20A09D5A0002BEBE /* Sources */ = {
			isa = PBXSourcesBuildPhase;
			buildActionMask = 2147483647;
			files = (
				5F00554820A09D5A0002BEBE /* littlethinkersUITests.swift in Sources */,
			);
			runOnlyForDeploymentPostprocessing = 0;
		};
/* End PBXSourcesBuildPhase section */

/* Begin PBXTargetDependency section */
		5F00553A20A09D5A0002BEBE /* PBXTargetDependency */ = {
			isa = PBXTargetDependency;
			target = 5F00552020A09D580002BEBE /* littlethinkers */;
			targetProxy = 5F00553920A09D5A0002BEBE /* PBXContainerItemProxy */;
		};
		5F00554520A09D5A0002BEBE /* PBXTargetDependency */ = {
			isa = PBXTargetDependency;
			target = 5F00552020A09D580002BEBE /* littlethinkers */;
			targetProxy = 5F00554420A09D5A0002BEBE /* PBXContainerItemProxy */;
		};
/* End PBXTargetDependency section */

/* Begin PBXVariantGroup section */
		5F00552820A09D580002BEBE /* Main.storyboard */ = {
			isa = PBXVariantGroup;
			children = (
				5F00552920A09D580002BEBE /* Base */,
			);
			name = Main.storyboard;
			sourceTree = "<group>";
		};
		5F00553020A09D5A0002BEBE /* LaunchScreen.storyboard */ = {
			isa = PBXVariantGroup;
			children = (
				5F00553120A09D5A0002BEBE /* Base */,
			);
			name = LaunchScreen.storyboard;
			sourceTree = "<group>";
		};
/* End PBXVariantGroup section */

/* Begin XCBuildConfiguration section */
		5F00554A20A09D5A0002BEBE /* Debug */ = {
			isa = XCBuildConfiguration;
			buildSettings = {
				ALWAYS_SEARCH_USER_PATHS = NO;
				CLANG_ANALYZER_NONNULL = YES;
				CLANG_ANALYZER_NUMBER_OBJECT_CONVERSION = YES_AGGRESSIVE;
				CLANG_CXX_LANGUAGE_STANDARD = "gnu++14";
				CLANG_CXX_LIBRARY = "libc++";
				CLANG_ENABLE_MODULES = YES;
				CLANG_ENABLE_OBJC_ARC = YES;
				CLANG_ENABLE_OBJC_WEAK = YES;
				CLANG_WARN_BLOCK_CAPTURE_AUTORELEASING = YES;
				CLANG_WARN_BOOL_CONVERSION = YES;
				CLANG_WARN_COMMA = YES;
				CLANG_WARN_CONSTANT_CONVERSION = YES;
				CLANG_WARN_DEPRECATED_OBJC_IMPLEMENTATIONS = YES;
				CLANG_WARN_DIRECT_OBJC_ISA_USAGE = YES_ERROR;
				CLANG_WARN_DOCUMENTATION_COMMENTS = YES;
				CLANG_WARN_EMPTY_BODY = YES;
				CLANG_WARN_ENUM_CONVERSION = YES;
				CLANG_WARN_INFINITE_RECURSION = YES;
				CLANG_WARN_INT_CONVERSION = YES;
				CLANG_WARN_NON_LITERAL_NULL_CONVERSION = YES;
				CLANG_WARN_OBJC_IMPLICIT_RETAIN_SELF = YES;
				CLANG_WARN_OBJC_LITERAL_CONVERSION = YES;
				CLANG_WARN_OBJC_ROOT_CLASS = YES_ERROR;
				CLANG_WARN_RANGE_LOOP_ANALYSIS = YES;
				CLANG_WARN_STRICT_PROTOTYPES = YES;
				CLANG_WARN_SUSPICIOUS_MOVE = YES;
				CLANG_WARN_UNGUARDED_AVAILABILITY = YES_AGGRESSIVE;
				CLANG_WARN_UNREACHABLE_CODE = YES;
				CLANG_WARN__DUPLICATE_METHOD_MATCH = YES;
				CODE_SIGN_IDENTITY = "iPhone Developer";
				COPY_PHASE_STRIP = NO;
				DEBUG_INFORMATION_FORMAT = dwarf;
				ENABLE_STRICT_OBJC_MSGSEND = YES;
				ENABLE_TESTABILITY = YES;
				GCC_C_LANGUAGE_STANDARD = gnu11;
				GCC_DYNAMIC_NO_PIC = NO;
				GCC_NO_COMMON_BLOCKS = YES;
				GCC_OPTIMIZATION_LEVEL = 0;
				GCC_PREPROCESSOR_DEFINITIONS = (
					"DEBUG=1",
					"$(inherited)",
				);
				GCC_WARN_64_TO_32_BIT_CONVERSION = YES;
				GCC_WARN_ABOUT_RETURN_TYPE = YES_ERROR;
				GCC_WARN_UNDECLARED_SELECTOR = YES;
				GCC_WARN_UNINITIALIZED_AUTOS = YES_AGGRESSIVE;
				GCC_WARN_UNUSED_FUNCTION = YES;
				GCC_WARN_UNUSED_VARIABLE = YES;
				IPHONEOS_DEPLOYMENT_TARGET = 11.3;
				MTL_ENABLE_DEBUG_INFO = YES;
				ONLY_ACTIVE_ARCH = YES;
				SDKROOT = iphoneos;
				SWIFT_ACTIVE_COMPILATION_CONDITIONS = DEBUG;
				SWIFT_OPTIMIZATION_LEVEL = "-Onone";
			};
			name = Debug;
		};
		5F00554B20A09D5A0002BEBE /* Release */ = {
			isa = XCBuildConfiguration;
			buildSettings = {
				ALWAYS_SEARCH_USER_PATHS = NO;
				CLANG_ANALYZER_NONNULL = YES;
				CLANG_ANALYZER_NUMBER_OBJECT_CONVERSION = YES_AGGRESSIVE;
				CLANG_CXX_LANGUAGE_STANDARD = "gnu++14";
				CLANG_CXX_LIBRARY = "libc++";
				CLANG_ENABLE_MODULES = YES;
				CLANG_ENABLE_OBJC_ARC = YES;
				CLANG_ENABLE_OBJC_WEAK = YES;
				CLANG_WARN_BLOCK_CAPTURE_AUTORELEASING = YES;
				CLANG_WARN_BOOL_CONVERSION = YES;
				CLANG_WARN_COMMA = YES;
				CLANG_WARN_CONSTANT_CONVERSION = YES;
				CLANG_WARN_DEPRECATED_OBJC_IMPLEMENTATIONS = YES;
				CLANG_WARN_DIRECT_OBJC_ISA_USAGE = YES_ERROR;
				CLANG_WARN_DOCUMENTATION_COMMENTS = YES;
				CLANG_WARN_EMPTY_BODY = YES;
				CLANG_WARN_ENUM_CONVERSION = YES;
				CLANG_WARN_INFINITE_RECURSION = YES;
				CLANG_WARN_INT_CONVERSION = YES;
				CLANG_WARN_NON_LITERAL_NULL_CONVERSION = YES;
				CLANG_WARN_OBJC_IMPLICIT_RETAIN_SELF = YES;
				CLANG_WARN_OBJC_LITERAL_CONVERSION = YES;
				CLANG_WARN_OBJC_ROOT_CLASS = YES_ERROR;
				CLANG_WARN_RANGE_LOOP_ANALYSIS = YES;
				CLANG_WARN_STRICT_PROTOTYPES = YES;
				CLANG_WARN_SUSPICIOUS_MOVE = YES;
				CLANG_WARN_UNGUARDED_AVAILABILITY = YES_AGGRESSIVE;
				CLANG_WARN_UNREACHABLE_CODE = YES;
				CLANG_WARN__DUPLICATE_METHOD_MATCH = YES;
				CODE_SIGN_IDENTITY = "iPhone Developer";
				COPY_PHASE_STRIP = NO;
				DEBUG_INFORMATION_FORMAT = "dwarf-with-dsym";
				ENABLE_NS_ASSERTIONS = NO;
				ENABLE_STRICT_OBJC_MSGSEND = YES;
				GCC_C_LANGUAGE_STANDARD = gnu11;
				GCC_NO_COMMON_BLOCKS = YES;
				GCC_WARN_64_TO_32_BIT_CONVERSION = YES;
				GCC_WARN_ABOUT_RETURN_TYPE = YES_ERROR;
				GCC_WARN_UNDECLARED_SELECTOR = YES;
				GCC_WARN_UNINITIALIZED_AUTOS = YES_AGGRESSIVE;
				GCC_WARN_UNUSED_FUNCTION = YES;
				GCC_WARN_UNUSED_VARIABLE = YES;
				IPHONEOS_DEPLOYMENT_TARGET = 11.3;
				MTL_ENABLE_DEBUG_INFO = NO;
				SDKROOT = iphoneos;
				SWIFT_COMPILATION_MODE = wholemodule;
				SWIFT_OPTIMIZATION_LEVEL = "-O";
				VALIDATE_PRODUCT = YES;
			};
			name = Release;
		};
		5F00554D20A09D5A0002BEBE /* Debug */ = {
			isa = XCBuildConfiguration;
			baseConfigurationReference = 0D87899467C7D6444FB850D1 /* Pods-littlethinkers.debug.xcconfig */;
			buildSettings = {
				ASSETCATALOG_COMPILER_APPICON_NAME = AppIcon;
				CODE_SIGN_STYLE = Automatic;
				DEVELOPMENT_TEAM = 8G8NLMBXJZ;
				INFOPLIST_FILE = littlethinkers/Info.plist;
				LD_RUNPATH_SEARCH_PATHS = (
					"$(inherited)",
					"@executable_path/Frameworks",
				);
				PRODUCT_BUNDLE_IDENTIFIER = br.ufpe.cin.tet.littlethinkersaluno1;
				PRODUCT_NAME = "$(TARGET_NAME)";
				SWIFT_VERSION = 4.0;
				TARGETED_DEVICE_FAMILY = "1,2";
			};
			name = Debug;
		};
		5F00554E20A09D5A0002BEBE /* Release */ = {
			isa = XCBuildConfiguration;
			baseConfigurationReference = BA9880CCBEAB02E65DD1F62A /* Pods-littlethinkers.release.xcconfig */;
			buildSettings = {
				ASSETCATALOG_COMPILER_APPICON_NAME = AppIcon;
				CODE_SIGN_STYLE = Automatic;
				DEVELOPMENT_TEAM = 8G8NLMBXJZ;
				INFOPLIST_FILE = littlethinkers/Info.plist;
				LD_RUNPATH_SEARCH_PATHS = (
					"$(inherited)",
					"@executable_path/Frameworks",
				);
				PRODUCT_BUNDLE_IDENTIFIER = br.ufpe.cin.tet.littlethinkersaluno1;
				PRODUCT_NAME = "$(TARGET_NAME)";
				SWIFT_VERSION = 4.0;
				TARGETED_DEVICE_FAMILY = "1,2";
			};
			name = Release;
		};
		5F00555020A09D5A0002BEBE /* Debug */ = {
			isa = XCBuildConfiguration;
			baseConfigurationReference = F999C15D303F448757365993 /* Pods-littlethinkersTests.debug.xcconfig */;
			buildSettings = {
				ALWAYS_EMBED_SWIFT_STANDARD_LIBRARIES = YES;
				BUNDLE_LOADER = "$(TEST_HOST)";
				CODE_SIGN_STYLE = Automatic;
				INFOPLIST_FILE = littlethinkersTests/Info.plist;
				LD_RUNPATH_SEARCH_PATHS = (
					"$(inherited)",
					"@executable_path/Frameworks",
					"@loader_path/Frameworks",
				);
				PRODUCT_BUNDLE_IDENTIFIER = br.ufpe.cin.tet.littlethinkersTests;
				PRODUCT_NAME = "$(TARGET_NAME)";
				SWIFT_VERSION = 4.0;
				TARGETED_DEVICE_FAMILY = "1,2";
				TEST_HOST = "$(BUILT_PRODUCTS_DIR)/littlethinkers.app/littlethinkers";
			};
			name = Debug;
		};
		5F00555120A09D5A0002BEBE /* Release */ = {
			isa = XCBuildConfiguration;
			baseConfigurationReference = 5D5EAC04BC1024A08773033C /* Pods-littlethinkersTests.release.xcconfig */;
			buildSettings = {
				ALWAYS_EMBED_SWIFT_STANDARD_LIBRARIES = YES;
				BUNDLE_LOADER = "$(TEST_HOST)";
				CODE_SIGN_STYLE = Automatic;
				INFOPLIST_FILE = littlethinkersTests/Info.plist;
				LD_RUNPATH_SEARCH_PATHS = (
					"$(inherited)",
					"@executable_path/Frameworks",
					"@loader_path/Frameworks",
				);
				PRODUCT_BUNDLE_IDENTIFIER = br.ufpe.cin.tet.littlethinkersTests;
				PRODUCT_NAME = "$(TARGET_NAME)";
				SWIFT_VERSION = 4.0;
				TARGETED_DEVICE_FAMILY = "1,2";
				TEST_HOST = "$(BUILT_PRODUCTS_DIR)/littlethinkers.app/littlethinkers";
			};
			name = Release;
		};
		5F00555320A09D5A0002BEBE /* Debug */ = {
			isa = XCBuildConfiguration;
			baseConfigurationReference = A65DA649F9CD9761CEA20ECA /* Pods-littlethinkersUITests.debug.xcconfig */;
			buildSettings = {
				ALWAYS_EMBED_SWIFT_STANDARD_LIBRARIES = YES;
				CODE_SIGN_STYLE = Automatic;
				INFOPLIST_FILE = littlethinkersUITests/Info.plist;
				LD_RUNPATH_SEARCH_PATHS = (
					"$(inherited)",
					"@executable_path/Frameworks",
					"@loader_path/Frameworks",
				);
				PRODUCT_BUNDLE_IDENTIFIER = br.ufpe.cin.tet.littlethinkersUITests;
				PRODUCT_NAME = "$(TARGET_NAME)";
				SWIFT_VERSION = 4.0;
				TARGETED_DEVICE_FAMILY = "1,2";
				TEST_TARGET_NAME = littlethinkers;
			};
			name = Debug;
		};
		5F00555420A09D5A0002BEBE /* Release */ = {
			isa = XCBuildConfiguration;
			baseConfigurationReference = 684ABDC7F9B3EE6E67722F1B /* Pods-littlethinkersUITests.release.xcconfig */;
			buildSettings = {
				ALWAYS_EMBED_SWIFT_STANDARD_LIBRARIES = YES;
				CODE_SIGN_STYLE = Automatic;
				INFOPLIST_FILE = littlethinkersUITests/Info.plist;
				LD_RUNPATH_SEARCH_PATHS = (
					"$(inherited)",
					"@executable_path/Frameworks",
					"@loader_path/Frameworks",
				);
				PRODUCT_BUNDLE_IDENTIFIER = br.ufpe.cin.tet.littlethinkersUITests;
				PRODUCT_NAME = "$(TARGET_NAME)";
				SWIFT_VERSION = 4.0;
				TARGETED_DEVICE_FAMILY = "1,2";
				TEST_TARGET_NAME = littlethinkers;
			};
			name = Release;
		};
/* End XCBuildConfiguration section */

/* Begin XCConfigurationList section */
		5F00551C20A09D580002BEBE /* Build configuration list for PBXProject "littlethinkers" */ = {
			isa = XCConfigurationList;
			buildConfigurations = (
				5F00554A20A09D5A0002BEBE /* Debug */,
				5F00554B20A09D5A0002BEBE /* Release */,
			);
			defaultConfigurationIsVisible = 0;
			defaultConfigurationName = Release;
		};
		5F00554C20A09D5A0002BEBE /* Build configuration list for PBXNativeTarget "littlethinkers" */ = {
			isa = XCConfigurationList;
			buildConfigurations = (
				5F00554D20A09D5A0002BEBE /* Debug */,
				5F00554E20A09D5A0002BEBE /* Release */,
			);
			defaultConfigurationIsVisible = 0;
			defaultConfigurationName = Release;
		};
		5F00554F20A09D5A0002BEBE /* Build configuration list for PBXNativeTarget "littlethinkersTests" */ = {
			isa = XCConfigurationList;
			buildConfigurations = (
				5F00555020A09D5A0002BEBE /* Debug */,
				5F00555120A09D5A0002BEBE /* Release */,
			);
			defaultConfigurationIsVisible = 0;
			defaultConfigurationName = Release;
		};
		5F00555220A09D5A0002BEBE /* Build configuration list for PBXNativeTarget "littlethinkersUITests" */ = {
			isa = XCConfigurationList;
			buildConfigurations = (
				5F00555320A09D5A0002BEBE /* Debug */,
				5F00555420A09D5A0002BEBE /* Release */,
			);
			defaultConfigurationIsVisible = 0;
			defaultConfigurationName = Release;
		};
/* End XCConfigurationList section */

/* Begin XCVersionGroup section */
		5F00552B20A09D580002BEBE /* littlethinkers.xcdatamodeld */ = {
			isa = XCVersionGroup;
			children = (
				5F00552C20A09D580002BEBE /* littlethinkers.xcdatamodel */,
			);
			currentVersion = 5F00552C20A09D580002BEBE /* littlethinkers.xcdatamodel */;
			path = littlethinkers.xcdatamodeld;
			sourceTree = "<group>";
			versionGroupType = wrapper.xcdatamodel;
		};
/* End XCVersionGroup section */
	};
	rootObject = 5F00551920A09D580002BEBE /* Project object */;
}
